
Microsoft Visual Studio Solution File, Format Version 12.00
# Visual Studio Version 17
VisualStudioVersion = 17.0.31903.59
MinimumVisualStudioVersion = 10.0.40219.1
Project("{2150E333-8FDC-42A3-9474-1A3956D46DE8}") = "src", "src", "{827E0CD3-B72D-47B6-A68D-7590B98EB39B}"
EndProject
Project("{FAE04EC0-301F-11D3-BF4B-00C04F79EFBC}") = "SpotifyConnector.Api", "src\SpotifyConnector.Api\SpotifyConnector.Api.csproj", "{B8AD7F71-6C53-4776-BF7F-375526E6C948}"
EndProject
Project("{FAE04EC0-301F-11D3-BF4B-00C04F79EFBC}") = "SpotifyConnector.Spotify", "src\SpotifyConnector.Spotify\SpotifyConnector.Spotify.csproj", "{B067D89B-1442-475E-AEFE-FDFDB35ACF64}"
EndProject
Project("{2150E333-8FDC-42A3-9474-1A3956D46DE8}") = "tests", "tests", "{0AB3BF05-4346-4AA6-1389-037BE0695223}"
EndProject
Project("{FAE04EC0-301F-11D3-BF4B-00C04F79EFBC}") = "SpotifyConnector.Tests", "tests\SpotifyConnector.Tests\SpotifyConnector.Tests.csproj", "{9DC1C04F-EC4B-49B4-89BF-6EAE97085C05}"
EndProject
Global
	GlobalSection(SolutionConfigurationPlatforms) = preSolution
		Debug|Any CPU = Debug|Any CPU
		Debug|x64 = Debug|x64
		Debug|x86 = Debug|x86
		Release|Any CPU = Release|Any CPU
		Release|x64 = Release|x64
		Release|x86 = Release|x86
	EndGlobalSection
	GlobalSection(ProjectConfigurationPlatforms) = postSolution
		{B8AD7F71-6C53-4776-BF7F-375526E6C948}.Debug|Any CPU.ActiveCfg = Debug|Any CPU
		{B8AD7F71-6C53-4776-BF7F-375526E6C948}.Debug|Any CPU.Build.0 = Debug|Any CPU
		{B8AD7F71-6C53-4776-BF7F-375526E6C948}.Debug|x64.ActiveCfg = Debug|Any CPU
		{B8AD7F71-6C53-4776-BF7F-375526E6C948}.Debug|x64.Build.0 = Debug|Any CPU
		{B8AD7F71-6C53-4776-BF7F-375526E6C948}.Debug|x86.ActiveCfg = Debug|Any CPU
		{B8AD7F71-6C53-4776-BF7F-375526E6C948}.Debug|x86.Build.0 = Debug|Any CPU
		{B8AD7F71-6C53-4776-BF7F-375526E6C948}.Release|Any CPU.ActiveCfg = Release|Any CPU
		{B8AD7F71-6C53-4776-BF7F-375526E6C948}.Release|Any CPU.Build.0 = Release|Any CPU
		{B8AD7F71-6C53-4776-BF7F-375526E6C948}.Release|x64.ActiveCfg = Release|Any CPU
		{B8AD7F71-6C53-4776-BF7F-375526E6C948}.Release|x64.Build.0 = Release|Any CPU
		{B8AD7F71-6C53-4776-BF7F-375526E6C948}.Release|x86.ActiveCfg = Release|Any CPU
		{B8AD7F71-6C53-4776-BF7F-375526E6C948}.Release|x86.Build.0 = Release|Any CPU
		{B067D89B-1442-475E-AEFE-FDFDB35ACF64}.Debug|Any CPU.ActiveCfg = Debug|Any CPU
		{B067D89B-1442-475E-AEFE-FDFDB35ACF64}.Debug|Any CPU.Build.0 = Debug|Any CPU
		{B067D89B-1442-475E-AEFE-FDFDB35ACF64}.Debug|x64.ActiveCfg = Debug|Any CPU
		{B067D89B-1442-475E-AEFE-FDFDB35ACF64}.Debug|x64.Build.0 = Debug|Any CPU
		{B067D89B-1442-475E-AEFE-FDFDB35ACF64}.Debug|x86.ActiveCfg = Debug|Any CPU
		{B067D89B-1442-475E-AEFE-FDFDB35ACF64}.Debug|x86.Build.0 = Debug|Any CPU
		{B067D89B-1442-475E-AEFE-FDFDB35ACF64}.Release|Any CPU.ActiveCfg = Release|Any CPU
		{B067D89B-1442-475E-AEFE-FDFDB35ACF64}.Release|Any CPU.Build.0 = Release|Any CPU
		{B067D89B-1442-475E-AEFE-FDFDB35ACF64}.Release|x64.ActiveCfg = Release|Any CPU
		{B067D89B-1442-475E-AEFE-FDFDB35ACF64}.Release|x64.Build.0 = Release|Any CPU
		{B067D89B-1442-475E-AEFE-FDFDB35ACF64}.Release|x86.ActiveCfg = Release|Any CPU
		{B067D89B-1442-475E-AEFE-FDFDB35ACF64}.Release|x86.Build.0 = Release|Any CPU
		{9DC1C04F-EC4B-49B4-89BF-6EAE97085C05}.Debug|Any CPU.ActiveCfg = Debug|Any CPU
		{9DC1C04F-EC4B-49B4-89BF-6EAE97085C05}.Debug|Any CPU.Build.0 = Debug|Any CPU
		{9DC1C04F-EC4B-49B4-89BF-6EAE97085C05}.Debug|x64.ActiveCfg = Debug|Any CPU
		{9DC1C04F-EC4B-49B4-89BF-6EAE97085C05}.Debug|x64.Build.0 = Debug|Any CPU
		{9DC1C04F-EC4B-49B4-89BF-6EAE97085C05}.Debug|x86.ActiveCfg = Debug|Any CPU
		{9DC1C04F-EC4B-49B4-89BF-6EAE97085C05}.Debug|x86.Build.0 = Debug|Any CPU
		{9DC1C04F-EC4B-49B4-89BF-6EAE97085C05}.Release|Any CPU.ActiveCfg = Release|Any CPU
		{9DC1C04F-EC4B-49B4-89BF-6EAE97085C05}.Release|Any CPU.Build.0 = Release|Any CPU
		{9DC1C04F-EC4B-49B4-89BF-6EAE97085C05}.Release|x64.ActiveCfg = Release|Any CPU
		{9DC1C04F-EC4B-49B4-89BF-6EAE97085C05}.Release|x64.Build.0 = Release|Any CPU
		{9DC1C04F-EC4B-49B4-89BF-6EAE97085C05}.Release|x86.ActiveCfg = Release|Any CPU
		{9DC1C04F-EC4B-49B4-89BF-6EAE97085C05}.Release|x86.Build.0 = Release|Any CPU
	EndGlobalSection
	GlobalSection(SolutionProperties) = preSolution
		HideSolutionNode = FALSE
	EndGlobalSection
	GlobalSection(NestedProjects) = preSolution
		{B8AD7F71-6C53-4776-BF7F-375526E6C948} = {827E0CD3-B72D-47B6-A68D-7590B98EB39B}
		{B067D89B-1442-475E-AEFE-FDFDB35ACF64} = {827E0CD3-B72D-47B6-A68D-7590B98EB39B}
		{9DC1C04F-EC4B-49B4-89BF-6EAE97085C05} = {0AB3BF05-4346-4AA6-1389-037BE0695223}
	EndGlobalSection
EndGlobal
